{
  "name": "romox",
  "version": "0.0.1",
  "lockfileVersion": 1,
  "requires": true,
  "dependencies": {
    "@rbxts/types": {
      "version": "1.0.253",
      "resolved": "https://registry.npmjs.org/@rbxts/types/-/types-1.0.253.tgz",
      "integrity": "sha512-SJhBP3wgVisffkUmw5/I1caBP6LIi3EYt8r/YuYv8H6c4lcarwH1y6b5kUk+3StvwfPqYMDol5ibSPc9DO4kQA==",
      "dev": true
    },
    "asyncawait": {
      "version": "1.0.8",
      "resolved": "https://registry.npmjs.org/asyncawait/-/asyncawait-1.0.8.tgz",
      "integrity": "sha512-yssMQjNRaFYJbJPXnZQ/G4o5uqBj6Ol7HqjEzjyO7306RHnqLGoenKaVbqUgqhk1QBXZSJ3yf2xhQCWcZjWt6w==",
      "requires": {
        "bluebird": "^3.1.1",
        "fibers": "^2.0.2",
        "lodash": "^4.17.11"
      }
    },
    "bluebird": {
      "version": "3.5.5",
      "resolved": "https://registry.npmjs.org/bluebird/-/bluebird-3.5.5.tgz",
      "integrity": "sha512-5am6HnnfN+urzt4yfg7IgTbotDjIT/u8AJpEt0sIU9FtXfVeezXAPKswrG+xKUCOYAINpSdgZVDU6QFh+cuH3w=="
    },
    "fibers": {
      "version": "2.0.2",
      "resolved": "https://registry.npmjs.org/fibers/-/fibers-2.0.2.tgz",
      "integrity": "sha512-HfVRxhYG7C8Jl9FqtrlElMR2z/8YiLQVDKf67MLY25Ic+ILx3ecmklfT1v3u+7P5/4vEFjuxaAFXhr2/Afwk5g=="
    },
    "lodash": {
      "version": "4.17.19",
      "resolved": "https://registry.npmjs.org/lodash/-/lodash-4.17.19.tgz",
      "integrity": "sha512-JNvd8XER9GQX0v2qJgsaN/mzFCNA5BRe/j8JN9d+tWyGLSodKQHKFicdwNYzWwI3wjRnaKPsGj1XkBjx/F96DQ=="
    }
  }
}
